{
  "name": "bledger",
  "version": "0.2.1",
  "lockfileVersion": 1,
  "requires": true,
  "dependencies": {
    "bcrypto": {
      "version": "3.1.6",
      "resolved": "https://registry.npmjs.org/bcrypto/-/bcrypto-3.1.6.tgz",
      "integrity": "sha512-k6a8UfSQVdtZMav2kLxrw1Kq2PqphEs8aUeW0PW5s2RHMLN4pp57MgIUzLrtlBJipZ3f1mjnstLGPIRKYPLCTw==",
      "requires": {
        "bsert": "~0.0.10",
        "bufio": "~1.0.6",
        "loady": "~0.0.1",
        "nan": "^2.13.1"
      }
    },
    "blgr": {
      "version": "0.1.7",
      "resolved": "https://registry.npmjs.org/blgr/-/blgr-0.1.7.tgz",
      "integrity": "sha512-+jSaU2jnYqF+ec9e8nzjfjU7QhZIntkDNG8/AEwoxW7J3mmwvmUfAI5lm9BFYs1OzT+1UgIZTFHa2qWjTBURfw==",
      "requires": {
        "bsert": "~0.0.10"
      }
    },
    "bmocha": {
      "version": "2.1.1",
      "resolved": "https://registry.npmjs.org/bmocha/-/bmocha-2.1.1.tgz",
      "integrity": "sha512-EZ0xYQCxkJ+DqxT8lHDrgF/bvYBDH5vNSmtFAS7ZIknRgJA5s1FIiCzF5QqX4iEwo+Yaftkli5PL/PZMFnX0Rw==",
      "dev": true
    },
    "bmutex": {
      "version": "0.1.6",
      "resolved": "https://registry.npmjs.org/bmutex/-/bmutex-0.1.6.tgz",
      "integrity": "sha512-nXWOXtQHbfPaMl6jyEF/rmRMrcemj2qn+OCAI/uZYurjfx7Dg3baoXdPzHOL0U8Cfvn8CWxKcnM/rgxL7DR4zw==",
      "requires": {
        "bsert": "~0.0.10"
      }
    },
    "bsert": {
      "version": "0.0.10",
      "resolved": "https://registry.npmjs.org/bsert/-/bsert-0.0.10.tgz",
      "integrity": "sha512-NHNwlac+WPy4t2LoNh8pXk8uaIGH3NSaIUbTTRXGpE2WEbq0te/tDykYHkFK57YKLPjv/aGHmbqvnGeVWDz57Q=="
    },
    "buffer-map": {
      "version": "0.0.7",
      "resolved": "https://registry.npmjs.org/buffer-map/-/buffer-map-0.0.7.tgz",
      "integrity": "sha512-95try3p/vMRkIAAnJDaGkFhGpT/65NoeW6XelEPjAomWYR58RQtW4khn0SwKj34kZoE7uxL7w2koZSwbnszvQQ=="
    },
    "bufio": {
      "version": "1.0.6",
      "resolved": "https://registry.npmjs.org/bufio/-/bufio-1.0.6.tgz",
      "integrity": "sha512-mjYZFRHmI9bk3Oeexu0rWjHFY+w6hGLabdmwSFzq+EFr4MHHsNOYduDVdYl71NG5pTPL7GGzUCMk9cYuV34/Qw=="
    },
    "loady": {
      "version": "0.0.1",
      "resolved": "https://registry.npmjs.org/loady/-/loady-0.0.1.tgz",
      "integrity": "sha512-PW5Z13Jd0v6ZcA1P6ZVUc3EV8BJwQuAiwUvvT6VQGHoaZ1d/tu7r1QZctuKfQqwy9SFBWeAGfcIdLxhp7ZW3Rw=="
    },
    "nan": {
      "version": "2.13.2",
      "resolved": "https://registry.npmjs.org/nan/-/nan-2.13.2.tgz",
      "integrity": "sha512-TghvYc72wlMGMVMluVo9WRJc0mB8KxxF/gZ4YYFy7V2ZQX9l7rgbPg7vjS9mt6U5HXODVFVI2bOduCzwOMv/lw=="
    },
    "node-hid-ng": {
      "version": "1.0.1",
      "resolved": "https://registry.npmjs.org/node-hid-ng/-/node-hid-ng-1.0.1.tgz",
      "integrity": "sha512-vkLQ8sFRuF8rwGl84wAO8O85nqzocsK+VlEk1HQfrrtmQsRK3/c8GyFTUbr4sEueQccNytyeQ//FPUrKFQIO6A==",
      "requires": {
        "loady": "0.0.1",
        "nan": "^2.13.1"
      }
    },
    "u2f-api": {
      "version": "1.0.10",
      "resolved": "https://registry.npmjs.org/u2f-api/-/u2f-api-1.0.10.tgz",
      "integrity": "sha512-0Zh+IqM2l6xaA/IUJDT9WwoEM6nwPx6ive4flVVYEfzzgXIrKFRaenieItsEkbXIgOZEw13nO3o3oLtSDOyesA==",
      "optional": true
    }
  }
}
